
Microsoft Visual Studio Solution File, Format Version 12.00
# Visual Studio Version 17
VisualStudioVersion = 17.5.002.0
MinimumVisualStudioVersion = 10.0.40219.1
Project("{9A19103F-16F7-4668-BE54-9A1E7A4F7556}") = "Task2", "Task2.csproj", "{CC5331D9-6308-4D98-85EE-4D9C2F43A17C}"
EndProject
Global
	GlobalSection(SolutionConfigurationPlatforms) = preSolution
		Debug|Any CPU = Debug|Any CPU
		Release|Any CPU = Release|Any CPU
	EndGlobalSection
	GlobalSection(ProjectConfigurationPlatforms) = postSolution
		{CC5331D9-6308-4D98-85EE-4D9C2F43A17C}.Debug|Any CPU.ActiveCfg = Debug|Any CPU
		{CC5331D9-6308-4D98-85EE-4D9C2F43A17C}.Debug|Any CPU.Build.0 = Debug|Any CPU
		{CC5331D9-6308-4D98-85EE-4D9C2F43A17C}.Release|Any CPU.ActiveCfg = Release|Any CPU
		{CC5331D9-6308-4D98-85EE-4D9C2F43A17C}.Release|Any CPU.Build.0 = Release|Any CPU
	EndGlobalSection
	GlobalSection(SolutionProperties) = preSolution
		HideSolutionNode = FALSE
	EndGlobalSection
	GlobalSection(ExtensibilityGlobals) = postSolution
		SolutionGuid = {2F173EC3-16A1-4BD9-8CA8-DB7B434F3D05}
	EndGlobalSection
EndGlobal
