
Microsoft Visual Studio Solution File, Format Version 12.00
# Visual Studio Version 17
VisualStudioVersion = 17.5.002.0
MinimumVisualStudioVersion = 10.0.40219.1
Project("{9A19103F-16F7-4668-BE54-9A1E7A4F7556}") = "Task3", "Task3.csproj", "{7F80D151-6225-4EC5-9227-C84D04AEB5D2}"
EndProject
Global
	GlobalSection(SolutionConfigurationPlatforms) = preSolution
		Debug|Any CPU = Debug|Any CPU
		Release|Any CPU = Release|Any CPU
	EndGlobalSection
	GlobalSection(ProjectConfigurationPlatforms) = postSolution
		{7F80D151-6225-4EC5-9227-C84D04AEB5D2}.Debug|Any CPU.ActiveCfg = Debug|Any CPU
		{7F80D151-6225-4EC5-9227-C84D04AEB5D2}.Debug|Any CPU.Build.0 = Debug|Any CPU
		{7F80D151-6225-4EC5-9227-C84D04AEB5D2}.Release|Any CPU.ActiveCfg = Release|Any CPU
		{7F80D151-6225-4EC5-9227-C84D04AEB5D2}.Release|Any CPU.Build.0 = Release|Any CPU
	EndGlobalSection
	GlobalSection(SolutionProperties) = preSolution
		HideSolutionNode = FALSE
	EndGlobalSection
	GlobalSection(ExtensibilityGlobals) = postSolution
		SolutionGuid = {A80BBBB0-26A3-44C1-ABA8-B4FF1371C838}
	EndGlobalSection
EndGlobal
