
Microsoft Visual Studio Solution File, Format Version 12.00
# Visual Studio Version 17
VisualStudioVersion = 17.5.002.0
MinimumVisualStudioVersion = 10.0.40219.1
Project("{9A19103F-16F7-4668-BE54-9A1E7A4F7556}") = "Task2", "Task2.csproj", "{ECBB1874-BE0A-42D1-BC30-9AA0F84732B8}"
EndProject
Global
	GlobalSection(SolutionConfigurationPlatforms) = preSolution
		Debug|Any CPU = Debug|Any CPU
		Release|Any CPU = Release|Any CPU
	EndGlobalSection
	GlobalSection(ProjectConfigurationPlatforms) = postSolution
		{ECBB1874-BE0A-42D1-BC30-9AA0F84732B8}.Debug|Any CPU.ActiveCfg = Debug|Any CPU
		{ECBB1874-BE0A-42D1-BC30-9AA0F84732B8}.Debug|Any CPU.Build.0 = Debug|Any CPU
		{ECBB1874-BE0A-42D1-BC30-9AA0F84732B8}.Release|Any CPU.ActiveCfg = Release|Any CPU
		{ECBB1874-BE0A-42D1-BC30-9AA0F84732B8}.Release|Any CPU.Build.0 = Release|Any CPU
	EndGlobalSection
	GlobalSection(SolutionProperties) = preSolution
		HideSolutionNode = FALSE
	EndGlobalSection
	GlobalSection(ExtensibilityGlobals) = postSolution
		SolutionGuid = {0D08E866-C3E6-4598-91E4-CA818F5A2EA0}
	EndGlobalSection
EndGlobal
